
Microsoft Visual Studio Solution File, Format Version 12.00
# Visual Studio Version 16
VisualStudioVersion = 16.0.30002.166
MinimumVisualStudioVersion = 10.0.40219.1
Project("{FAE04EC0-301F-11D3-BF4B-00C04F79EFBC}") = "Sensor", "Sensor\Sensor.csproj", "{1C0C8C24-AA6B-4B2C-A034-1B4E5B3959A9}"
EndProject
Project("{FAE04EC0-301F-11D3-BF4B-00C04F79EFBC}") = "DataPresentation", "DataPresentation\DataPresentation.csproj", "{EA6E994B-C393-43DF-898C-2E6C2E0C5B0F}"
EndProject
Project("{FAE04EC0-301F-11D3-BF4B-00C04F79EFBC}") = "DataStore", "DataStore\DataStore.csproj", "{1C25AEC3-7CE7-41F4-BD41-12E4A74A9AAF}"
EndProject
Project("{FAE04EC0-301F-11D3-BF4B-00C04F79EFBC}") = "CommonReferences", "CommonReferences\CommonReferences.csproj", "{B723B9DB-1D65-4A66-BCDC-4075F8A07881}"
EndProject
Global
	GlobalSection(SolutionConfigurationPlatforms) = preSolution
		Debug|Any CPU = Debug|Any CPU
		Release|Any CPU = Release|Any CPU
	EndGlobalSection
	GlobalSection(ProjectConfigurationPlatforms) = postSolution
		{1C0C8C24-AA6B-4B2C-A034-1B4E5B3959A9}.Debug|Any CPU.ActiveCfg = Debug|Any CPU
		{1C0C8C24-AA6B-4B2C-A034-1B4E5B3959A9}.Debug|Any CPU.Build.0 = Debug|Any CPU
		{1C0C8C24-AA6B-4B2C-A034-1B4E5B3959A9}.Release|Any CPU.ActiveCfg = Release|Any CPU
		{1C0C8C24-AA6B-4B2C-A034-1B4E5B3959A9}.Release|Any CPU.Build.0 = Release|Any CPU
		{EA6E994B-C393-43DF-898C-2E6C2E0C5B0F}.Debug|Any CPU.ActiveCfg = Debug|Any CPU
		{EA6E994B-C393-43DF-898C-2E6C2E0C5B0F}.Debug|Any CPU.Build.0 = Debug|Any CPU
		{EA6E994B-C393-43DF-898C-2E6C2E0C5B0F}.Release|Any CPU.ActiveCfg = Release|Any CPU
		{EA6E994B-C393-43DF-898C-2E6C2E0C5B0F}.Release|Any CPU.Build.0 = Release|Any CPU
		{1C25AEC3-7CE7-41F4-BD41-12E4A74A9AAF}.Debug|Any CPU.ActiveCfg = Debug|Any CPU
		{1C25AEC3-7CE7-41F4-BD41-12E4A74A9AAF}.Debug|Any CPU.Build.0 = Debug|Any CPU
		{1C25AEC3-7CE7-41F4-BD41-12E4A74A9AAF}.Release|Any CPU.ActiveCfg = Release|Any CPU
		{1C25AEC3-7CE7-41F4-BD41-12E4A74A9AAF}.Release|Any CPU.Build.0 = Release|Any CPU
		{B723B9DB-1D65-4A66-BCDC-4075F8A07881}.Debug|Any CPU.ActiveCfg = Debug|Any CPU
		{B723B9DB-1D65-4A66-BCDC-4075F8A07881}.Debug|Any CPU.Build.0 = Debug|Any CPU
		{B723B9DB-1D65-4A66-BCDC-4075F8A07881}.Release|Any CPU.ActiveCfg = Release|Any CPU
		{B723B9DB-1D65-4A66-BCDC-4075F8A07881}.Release|Any CPU.Build.0 = Release|Any CPU
	EndGlobalSection
	GlobalSection(SolutionProperties) = preSolution
		HideSolutionNode = FALSE
	EndGlobalSection
	GlobalSection(ExtensibilityGlobals) = postSolution
		SolutionGuid = {389F64A0-7AF5-482C-AE67-C811A05465E4}
	EndGlobalSection
EndGlobal
